
Microsoft Visual Studio Solution File, Format Version 12.00
# Visual Studio 2013
VisualStudioVersion = 12.0.30501.0
MinimumVisualStudioVersion = 10.0.40219.1
Project("{FAE04EC0-301F-11D3-BF4B-00C04F79EFBC}") = "simpuhl2", "simpuhl2\simpuhl2.csproj", "{F7965523-DC43-4FA4-BDE2-AD0492ED42D2}"
EndProject
Project("{2150E333-8FDC-42A3-9474-1A3956D46DE8}") = "PublishScripts", "PublishScripts", "{31420D97-8980-48C8-97A8-EEECF8B823F0}"
	ProjectSection(SolutionItems) = preProject
		PublishScripts\AzureWebsitePublishModule.psm1 = PublishScripts\AzureWebsitePublishModule.psm1
		PublishScripts\Publish-WebApplicationWebsite.ps1 = PublishScripts\Publish-WebApplicationWebsite.ps1
	EndProjectSection
EndProject
Project("{2150E333-8FDC-42A3-9474-1A3956D46DE8}") = "Configurations", "Configurations", "{5499423E-4EBB-4411-B9F6-FDB547DC3FC7}"
	ProjectSection(SolutionItems) = preProject
		PublishScripts\Configurations\simpuhl2-WAWS-dev.json = PublishScripts\Configurations\simpuhl2-WAWS-dev.json
	EndProjectSection
EndProject
Global
	GlobalSection(SolutionConfigurationPlatforms) = preSolution
		Debug|Any CPU = Debug|Any CPU
		Release|Any CPU = Release|Any CPU
	EndGlobalSection
	GlobalSection(ProjectConfigurationPlatforms) = postSolution
		{F7965523-DC43-4FA4-BDE2-AD0492ED42D2}.Debug|Any CPU.ActiveCfg = Debug|Any CPU
		{F7965523-DC43-4FA4-BDE2-AD0492ED42D2}.Debug|Any CPU.Build.0 = Debug|Any CPU
		{F7965523-DC43-4FA4-BDE2-AD0492ED42D2}.Release|Any CPU.ActiveCfg = Release|Any CPU
		{F7965523-DC43-4FA4-BDE2-AD0492ED42D2}.Release|Any CPU.Build.0 = Release|Any CPU
	EndGlobalSection
	GlobalSection(SolutionProperties) = preSolution
		HideSolutionNode = FALSE
	EndGlobalSection
	GlobalSection(NestedProjects) = preSolution
		{5499423E-4EBB-4411-B9F6-FDB547DC3FC7} = {31420D97-8980-48C8-97A8-EEECF8B823F0}
	EndGlobalSection
EndGlobal
